// !$*UTF8*$!
{
	archiveVersion = 1;
	classes = {
	};
	objectVersion = 50;
	objects = {

/* Begin PBXBuildFile section */
		C217766226E70309004AD3C8 /* AppDelegate.swift in Sources */ = {isa = PBXBuildFile; fileRef = C217766126E70309004AD3C8 /* AppDelegate.swift */; };
		C217766426E70309004AD3C8 /* SceneDelegate.swift in Sources */ = {isa = PBXBuildFile; fileRef = C217766326E70309004AD3C8 /* SceneDelegate.swift */; };
		C217766626E70309004AD3C8 /* ViewController.swift in Sources */ = {isa = PBXBuildFile; fileRef = C217766526E70309004AD3C8 /* ViewController.swift */; };
		C217766926E70309004AD3C8 /* Main.storyboard in Resources */ = {isa = PBXBuildFile; fileRef = C217766726E70309004AD3C8 /* Main.storyboard */; };
		C217766B26E70313004AD3C8 /* Assets.xcassets in Resources */ = {isa = PBXBuildFile; fileRef = C217766A26E70313004AD3C8 /* Assets.xcassets */; };
		C217766E26E70313004AD3C8 /* LaunchScreen.storyboard in Resources */ = {isa = PBXBuildFile; fileRef = C217766C26E70313004AD3C8 /* LaunchScreen.storyboard */; };
		C217767926E70313004AD3C8 /* Lab1Tests.swift in Sources */ = {isa = PBXBuildFile; fileRef = C217767826E70313004AD3C8 /* Lab1Tests.swift */; };
		C217768426E70313004AD3C8 /* Lab1UITests.swift in Sources */ = {isa = PBXBuildFile; fileRef = C217768326E70313004AD3C8 /* Lab1UITests.swift */; };
		C2B701A626E98ED8007E4B31 /* ImageViewController.swift in Sources */ = {isa = PBXBuildFile; fileRef = C2B701A526E98ED8007E4B31 /* ImageViewController.swift */; };
		CC7FBD9026E9DE95004A6A50 /* CheckoutViewController.swift in Sources */ = {isa = PBXBuildFile; fileRef = CC7FBD8F26E9DE95004A6A50 /* CheckoutViewController.swift */; };
		CC7FBD9226EA046C004A6A50 /* FoodName.csv in Resources */ = {isa = PBXBuildFile; fileRef = CC7FBD9126EA046C004A6A50 /* FoodName.csv */; };
		CCABC44D26E85E6D00C209B8 /* TableViewController.swift in Sources */ = {isa = PBXBuildFile; fileRef = CCABC44C26E85E6D00C209B8 /* TableViewController.swift */; };
		CCABC45126E85FC100C209B8 /* FoodModel.m in Sources */ = {isa = PBXBuildFile; fileRef = CCABC45026E85FC100C209B8 /* FoodModel.m */; };
/* End PBXBuildFile section */

/* Begin PBXContainerItemProxy section */
		C217767526E70313004AD3C8 /* PBXContainerItemProxy */ = {
			isa = PBXContainerItemProxy;
			containerPortal = C217765626E70309004AD3C8 /* Project object */;
			proxyType = 1;
			remoteGlobalIDString = C217765D26E70309004AD3C8;
			remoteInfo = Lab1;
		};
		C217768026E70313004AD3C8 /* PBXContainerItemProxy */ = {
			isa = PBXContainerItemProxy;
			containerPortal = C217765626E70309004AD3C8 /* Project object */;
			proxyType = 1;
			remoteGlobalIDString = C217765D26E70309004AD3C8;
			remoteInfo = Lab1;
		};
/* End PBXContainerItemProxy section */

/* Begin PBXFileReference section */
		C217765E26E70309004AD3C8 /* Lab1.app */ = {isa = PBXFileReference; explicitFileType = wrapper.application; includeInIndex = 0; path = Lab1.app; sourceTree = BUILT_PRODUCTS_DIR; };
		C217766126E70309004AD3C8 /* AppDelegate.swift */ = {isa = PBXFileReference; lastKnownFileType = sourcecode.swift; path = AppDelegate.swift; sourceTree = "<group>"; };
		C217766326E70309004AD3C8 /* SceneDelegate.swift */ = {isa = PBXFileReference; lastKnownFileType = sourcecode.swift; path = SceneDelegate.swift; sourceTree = "<group>"; };
		C217766526E70309004AD3C8 /* ViewController.swift */ = {isa = PBXFileReference; lastKnownFileType = sourcecode.swift; path = ViewController.swift; sourceTree = "<group>"; };
		C217766826E70309004AD3C8 /* Base */ = {isa = PBXFileReference; lastKnownFileType = file.storyboard; name = Base; path = Base.lproj/Main.storyboard; sourceTree = "<group>"; };
		C217766A26E70313004AD3C8 /* Assets.xcassets */ = {isa = PBXFileReference; lastKnownFileType = folder.assetcatalog; path = Assets.xcassets; sourceTree = "<group>"; };
		C217766D26E70313004AD3C8 /* Base */ = {isa = PBXFileReference; lastKnownFileType = file.storyboard; name = Base; path = Base.lproj/LaunchScreen.storyboard; sourceTree = "<group>"; };
		C217766F26E70313004AD3C8 /* Info.plist */ = {isa = PBXFileReference; lastKnownFileType = text.plist.xml; path = Info.plist; sourceTree = "<group>"; };
		C217767426E70313004AD3C8 /* Lab1Tests.xctest */ = {isa = PBXFileReference; explicitFileType = wrapper.cfbundle; includeInIndex = 0; path = Lab1Tests.xctest; sourceTree = BUILT_PRODUCTS_DIR; };
		C217767826E70313004AD3C8 /* Lab1Tests.swift */ = {isa = PBXFileReference; lastKnownFileType = sourcecode.swift; path = Lab1Tests.swift; sourceTree = "<group>"; };
		C217767A26E70313004AD3C8 /* Info.plist */ = {isa = PBXFileReference; lastKnownFileType = text.plist.xml; path = Info.plist; sourceTree = "<group>"; };
		C217767F26E70313004AD3C8 /* Lab1UITests.xctest */ = {isa = PBXFileReference; explicitFileType = wrapper.cfbundle; includeInIndex = 0; path = Lab1UITests.xctest; sourceTree = BUILT_PRODUCTS_DIR; };
		C217768326E70313004AD3C8 /* Lab1UITests.swift */ = {isa = PBXFileReference; lastKnownFileType = sourcecode.swift; path = Lab1UITests.swift; sourceTree = "<group>"; };
		C217768526E70313004AD3C8 /* Info.plist */ = {isa = PBXFileReference; lastKnownFileType = text.plist.xml; path = Info.plist; sourceTree = "<group>"; };
		C2B701A526E98ED8007E4B31 /* ImageViewController.swift */ = {isa = PBXFileReference; lastKnownFileType = sourcecode.swift; path = ImageViewController.swift; sourceTree = "<group>"; };
		CC7FBD8F26E9DE95004A6A50 /* CheckoutViewController.swift */ = {isa = PBXFileReference; lastKnownFileType = sourcecode.swift; path = CheckoutViewController.swift; sourceTree = "<group>"; };
		CC7FBD9126EA046C004A6A50 /* FoodName.csv */ = {isa = PBXFileReference; fileEncoding = 4; lastKnownFileType = text; path = FoodName.csv; sourceTree = "<group>"; };
		CCABC44C26E85E6D00C209B8 /* TableViewController.swift */ = {isa = PBXFileReference; lastKnownFileType = sourcecode.swift; path = TableViewController.swift; sourceTree = "<group>"; };
		CCABC44E26E85FC000C209B8 /* Lab1-Bridging-Header.h */ = {isa = PBXFileReference; lastKnownFileType = sourcecode.c.h; path = "Lab1-Bridging-Header.h"; sourceTree = "<group>"; };
		CCABC44F26E85FC100C209B8 /* FoodModel.h */ = {isa = PBXFileReference; lastKnownFileType = sourcecode.c.h; path = FoodModel.h; sourceTree = "<group>"; };
		CCABC45026E85FC100C209B8 /* FoodModel.m */ = {isa = PBXFileReference; lastKnownFileType = sourcecode.c.objc; path = FoodModel.m; sourceTree = "<group>"; };
/* End PBXFileReference section */

/* Begin PBXFrameworksBuildPhase section */
		C217765B26E70309004AD3C8 /* Frameworks */ = {
			isa = PBXFrameworksBuildPhase;
			buildActionMask = 2147483647;
			files = (
			);
			runOnlyForDeploymentPostprocessing = 0;
		};
		C217767126E70313004AD3C8 /* Frameworks */ = {
			isa = PBXFrameworksBuildPhase;
			buildActionMask = 2147483647;
			files = (
			);
			runOnlyForDeploymentPostprocessing = 0;
		};
		C217767C26E70313004AD3C8 /* Frameworks */ = {
			isa = PBXFrameworksBuildPhase;
			buildActionMask = 2147483647;
			files = (
			);
			runOnlyForDeploymentPostprocessing = 0;
		};
/* End PBXFrameworksBuildPhase section */

/* Begin PBXGroup section */
		C217765526E70309004AD3C8 = {
			isa = PBXGroup;
			children = (
				C217766026E70309004AD3C8 /* Lab1 */,
				C217767726E70313004AD3C8 /* Lab1Tests */,
				C217768226E70313004AD3C8 /* Lab1UITests */,
				C217765F26E70309004AD3C8 /* Products */,
			);
			sourceTree = "<group>";
		};
		C217765F26E70309004AD3C8 /* Products */ = {
			isa = PBXGroup;
			children = (
				C217765E26E70309004AD3C8 /* Lab1.app */,
				C217767426E70313004AD3C8 /* Lab1Tests.xctest */,
				C217767F26E70313004AD3C8 /* Lab1UITests.xctest */,
			);
			name = Products;
			sourceTree = "<group>";
		};
		C217766026E70309004AD3C8 /* Lab1 */ = {
			isa = PBXGroup;
			children = (
				C217766126E70309004AD3C8 /* AppDelegate.swift */,
				C217766326E70309004AD3C8 /* SceneDelegate.swift */,
				C217766526E70309004AD3C8 /* ViewController.swift */,
				C2B701A526E98ED8007E4B31 /* ImageViewController.swift */,
				CC7FBD9126EA046C004A6A50 /* FoodName.csv */,
				C217766726E70309004AD3C8 /* Main.storyboard */,
				CC7FBD8F26E9DE95004A6A50 /* CheckoutViewController.swift */,
				CCABC44F26E85FC100C209B8 /* FoodModel.h */,
				CCABC45026E85FC100C209B8 /* FoodModel.m */,
				CCABC44C26E85E6D00C209B8 /* TableViewController.swift */,
				C217766A26E70313004AD3C8 /* Assets.xcassets */,
				C217766C26E70313004AD3C8 /* LaunchScreen.storyboard */,
				C217766F26E70313004AD3C8 /* Info.plist */,
				CCABC44E26E85FC000C209B8 /* Lab1-Bridging-Header.h */,
			);
			path = Lab1;
			sourceTree = "<group>";
		};
		C217767726E70313004AD3C8 /* Lab1Tests */ = {
			isa = PBXGroup;
			children = (
				C217767826E70313004AD3C8 /* Lab1Tests.swift */,
				C217767A26E70313004AD3C8 /* Info.plist */,
			);
			path = Lab1Tests;
			sourceTree = "<group>";
		};
		C217768226E70313004AD3C8 /* Lab1UITests */ = {
			isa = PBXGroup;
			children = (
				C217768326E70313004AD3C8 /* Lab1UITests.swift */,
				C217768526E70313004AD3C8 /* Info.plist */,
			);
			path = Lab1UITests;
			sourceTree = "<group>";
		};
/* End PBXGroup section */

/* Begin PBXNativeTarget section */
		C217765D26E70309004AD3C8 /* Lab1 */ = {
			isa = PBXNativeTarget;
			buildConfigurationList = C217768826E70313004AD3C8 /* Build configuration list for PBXNativeTarget "Lab1" */;
			buildPhases = (
				C217765A26E70309004AD3C8 /* Sources */,
				C217765B26E70309004AD3C8 /* Frameworks */,
				C217765C26E70309004AD3C8 /* Resources */,
			);
			buildRules = (
			);
			dependencies = (
			);
			name = Lab1;
			productName = Lab1;
			productReference = C217765E26E70309004AD3C8 /* Lab1.app */;
			productType = "com.apple.product-type.application";
		};
		C217767326E70313004AD3C8 /* Lab1Tests */ = {
			isa = PBXNativeTarget;
			buildConfigurationList = C217768B26E70313004AD3C8 /* Build configuration list for PBXNativeTarget "Lab1Tests" */;
			buildPhases = (
				C217767026E70313004AD3C8 /* Sources */,
				C217767126E70313004AD3C8 /* Frameworks */,
				C217767226E70313004AD3C8 /* Resources */,
			);
			buildRules = (
			);
			dependencies = (
				C217767626E70313004AD3C8 /* PBXTargetDependency */,
			);
			name = Lab1Tests;
			productName = Lab1Tests;
			productReference = C217767426E70313004AD3C8 /* Lab1Tests.xctest */;
			productType = "com.apple.product-type.bundle.unit-test";
		};
		C217767E26E70313004AD3C8 /* Lab1UITests */ = {
			isa = PBXNativeTarget;
			buildConfigurationList = C217768E26E70313004AD3C8 /* Build configuration list for PBXNativeTarget "Lab1UITests" */;
			buildPhases = (
				C217767B26E70313004AD3C8 /* Sources */,
				C217767C26E70313004AD3C8 /* Frameworks */,
				C217767D26E70313004AD3C8 /* Resources */,
			);
			buildRules = (
			);
			dependencies = (
				C217768126E70313004AD3C8 /* PBXTargetDependency */,
			);
			name = Lab1UITests;
			productName = Lab1UITests;
			productReference = C217767F26E70313004AD3C8 /* Lab1UITests.xctest */;
			productType = "com.apple.product-type.bundle.ui-testing";
		};
/* End PBXNativeTarget section */

/* Begin PBXProject section */
		C217765626E70309004AD3C8 /* Project object */ = {
			isa = PBXProject;
			attributes = {
				LastSwiftUpdateCheck = 1220;
				LastUpgradeCheck = 1220;
				TargetAttributes = {
					C217765D26E70309004AD3C8 = {
						CreatedOnToolsVersion = 12.2;
						LastSwiftMigration = 1150;
					};
					C217767326E70313004AD3C8 = {
						CreatedOnToolsVersion = 12.2;
						TestTargetID = C217765D26E70309004AD3C8;
					};
					C217767E26E70313004AD3C8 = {
						CreatedOnToolsVersion = 12.2;
						TestTargetID = C217765D26E70309004AD3C8;
					};
				};
			};
			buildConfigurationList = C217765926E70309004AD3C8 /* Build configuration list for PBXProject "Lab1" */;
			compatibilityVersion = "Xcode 9.3";
			developmentRegion = en;
			hasScannedForEncodings = 0;
			knownRegions = (
				en,
				Base,
			);
			mainGroup = C217765526E70309004AD3C8;
			productRefGroup = C217765F26E70309004AD3C8 /* Products */;
			projectDirPath = "";
			projectRoot = "";
			targets = (
				C217765D26E70309004AD3C8 /* Lab1 */,
				C217767326E70313004AD3C8 /* Lab1Tests */,
				C217767E26E70313004AD3C8 /* Lab1UITests */,
			);
		};
/* End PBXProject section */

/* Begin PBXResourcesBuildPhase section */
		C217765C26E70309004AD3C8 /* Resources */ = {
			isa = PBXResourcesBuildPhase;
			buildActionMask = 2147483647;
			files = (
				C217766E26E70313004AD3C8 /* LaunchScreen.storyboard in Resources */,
				C217766B26E70313004AD3C8 /* Assets.xcassets in Resources */,
				C217766926E70309004AD3C8 /* Main.storyboard in Resources */,
				CC7FBD9226EA046C004A6A50 /* FoodName.csv in Resources */,
			);
			runOnlyForDeploymentPostprocessing = 0;
		};
		C217767226E70313004AD3C8 /* Resources */ = {
			isa = PBXResourcesBuildPhase;
			buildActionMask = 2147483647;
			files = (
			);
			runOnlyForDeploymentPostprocessing = 0;
		};
		C217767D26E70313004AD3C8 /* Resources */ = {
			isa = PBXResourcesBuildPhase;
			buildActionMask = 2147483647;
			files = (
			);
			runOnlyForDeploymentPostprocessing = 0;
		};
/* End PBXResourcesBuildPhase section */

/* Begin PBXSourcesBuildPhase section */
		C217765A26E70309004AD3C8 /* Sources */ = {
			isa = PBXSourcesBuildPhase;
			buildActionMask = 2147483647;
			files = (
				C217766626E70309004AD3C8 /* ViewController.swift in Sources */,
				C217766226E70309004AD3C8 /* AppDelegate.swift in Sources */,
				C217766426E70309004AD3C8 /* SceneDelegate.swift in Sources */,
				CCABC44D26E85E6D00C209B8 /* TableViewController.swift in Sources */,
				C2B701A626E98ED8007E4B31 /* ImageViewController.swift in Sources */,
				CCABC45126E85FC100C209B8 /* FoodModel.m in Sources */,
				CC7FBD9026E9DE95004A6A50 /* CheckoutViewController.swift in Sources */,
			);
			runOnlyForDeploymentPostprocessing = 0;
		};
		C217767026E70313004AD3C8 /* Sources */ = {
			isa = PBXSourcesBuildPhase;
			buildActionMask = 2147483647;
			files = (
				C217767926E70313004AD3C8 /* Lab1Tests.swift in Sources */,
			);
			runOnlyForDeploymentPostprocessing = 0;
		};
		C217767B26E70313004AD3C8 /* Sources */ = {
			isa = PBXSourcesBuildPhase;
			buildActionMask = 2147483647;
			files = (
				C217768426E70313004AD3C8 /* Lab1UITests.swift in Sources */,
			);
			runOnlyForDeploymentPostprocessing = 0;
		};
/* End PBXSourcesBuildPhase section */

/* Begin PBXTargetDependency section */
		C217767626E70313004AD3C8 /* PBXTargetDependency */ = {
			isa = PBXTargetDependency;
			target = C217765D26E70309004AD3C8 /* Lab1 */;
			targetProxy = C217767526E70313004AD3C8 /* PBXContainerItemProxy */;
		};
		C217768126E70313004AD3C8 /* PBXTargetDependency */ = {
			isa = PBXTargetDependency;
			target = C217765D26E70309004AD3C8 /* Lab1 */;
			targetProxy = C217768026E70313004AD3C8 /* PBXContainerItemProxy */;
		};
/* End PBXTargetDependency section */

/* Begin PBXVariantGroup section */
		C217766726E70309004AD3C8 /* Main.storyboard */ = {
			isa = PBXVariantGroup;
			children = (
				C217766826E70309004AD3C8 /* Base */,
			);
			name = Main.storyboard;
			sourceTree = "<group>";
		};
		C217766C26E70313004AD3C8 /* LaunchScreen.storyboard */ = {
			isa = PBXVariantGroup;
			children = (
				C217766D26E70313004AD3C8 /* Base */,
			);
			name = LaunchScreen.storyboard;
			sourceTree = "<group>";
		};
/* End PBXVariantGroup section */

/* Begin XCBuildConfiguration section */
		C217768626E70313004AD3C8 /* Debug */ = {
			isa = XCBuildConfiguration;
			buildSettings = {
				ALWAYS_SEARCH_USER_PATHS = NO;
				CLANG_ANALYZER_NONNULL = YES;
				CLANG_ANALYZER_NUMBER_OBJECT_CONVERSION = YES_AGGRESSIVE;
				CLANG_CXX_LANGUAGE_STANDARD = "gnu++14";
				CLANG_CXX_LIBRARY = "libc++";
				CLANG_ENABLE_MODULES = YES;
				CLANG_ENABLE_OBJC_ARC = YES;
				CLANG_ENABLE_OBJC_WEAK = YES;
				CLANG_WARN_BLOCK_CAPTURE_AUTORELEASING = YES;
				CLANG_WARN_BOOL_CONVERSION = YES;
				CLANG_WARN_COMMA = YES;
				CLANG_WARN_CONSTANT_CONVERSION = YES;
				CLANG_WARN_DEPRECATED_OBJC_IMPLEMENTATIONS = YES;
				CLANG_WARN_DIRECT_OBJC_ISA_USAGE = YES_ERROR;
				CLANG_WARN_DOCUMENTATION_COMMENTS = YES;
				CLANG_WARN_EMPTY_BODY = YES;
				CLANG_WARN_ENUM_CONVERSION = YES;
				CLANG_WARN_INFINITE_RECURSION = YES;
				CLANG_WARN_INT_CONVERSION = YES;
				CLANG_WARN_NON_LITERAL_NULL_CONVERSION = YES;
				CLANG_WARN_OBJC_IMPLICIT_RETAIN_SELF = YES;
				CLANG_WARN_OBJC_LITERAL_CONVERSION = YES;
				CLANG_WARN_OBJC_ROOT_CLASS = YES_ERROR;
				CLANG_WARN_QUOTED_INCLUDE_IN_FRAMEWORK_HEADER = YES;
				CLANG_WARN_RANGE_LOOP_ANALYSIS = YES;
				CLANG_WARN_STRICT_PROTOTYPES = YES;
				CLANG_WARN_SUSPICIOUS_MOVE = YES;
				CLANG_WARN_UNGUARDED_AVAILABILITY = YES_AGGRESSIVE;
				CLANG_WARN_UNREACHABLE_CODE = YES;
				CLANG_WARN__DUPLICATE_METHOD_MATCH = YES;
				COPY_PHASE_STRIP = NO;
				DEBUG_INFORMATION_FORMAT = dwarf;
				ENABLE_STRICT_OBJC_MSGSEND = YES;
				ENABLE_TESTABILITY = YES;
				GCC_C_LANGUAGE_STANDARD = gnu11;
				GCC_DYNAMIC_NO_PIC = NO;
				GCC_NO_COMMON_BLOCKS = YES;
				GCC_OPTIMIZATION_LEVEL = 0;
				GCC_PREPROCESSOR_DEFINITIONS = (
					"DEBUG=1",
					"$(inherited)",
				);
				GCC_WARN_64_TO_32_BIT_CONVERSION = YES;
				GCC_WARN_ABOUT_RETURN_TYPE = YES_ERROR;
				GCC_WARN_UNDECLARED_SELECTOR = YES;
				GCC_WARN_UNINITIALIZED_AUTOS = YES_AGGRESSIVE;
				GCC_WARN_UNUSED_FUNCTION = YES;
				GCC_WARN_UNUSED_VARIABLE = YES;
				IPHONEOS_DEPLOYMENT_TARGET = 13.4;
				MTL_ENABLE_DEBUG_INFO = INCLUDE_SOURCE;
				MTL_FAST_MATH = YES;
				ONLY_ACTIVE_ARCH = YES;
				SDKROOT = iphoneos;
				SWIFT_ACTIVE_COMPILATION_CONDITIONS = DEBUG;
				SWIFT_OPTIMIZATION_LEVEL = "-Onone";
			};
			name = Debug;
		};
		C217768726E70313004AD3C8 /* Release */ = {
			isa = XCBuildConfiguration;
			buildSettings = {
				ALWAYS_SEARCH_USER_PATHS = NO;
				CLANG_ANALYZER_NONNULL = YES;
				CLANG_ANALYZER_NUMBER_OBJECT_CONVERSION = YES_AGGRESSIVE;
				CLANG_CXX_LANGUAGE_STANDARD = "gnu++14";
				CLANG_CXX_LIBRARY = "libc++";
				CLANG_ENABLE_MODULES = YES;
				CLANG_ENABLE_OBJC_ARC = YES;
				CLANG_ENABLE_OBJC_WEAK = YES;
				CLANG_WARN_BLOCK_CAPTURE_AUTORELEASING = YES;
				CLANG_WARN_BOOL_CONVERSION = YES;
				CLANG_WARN_COMMA = YES;
				CLANG_WARN_CONSTANT_CONVERSION = YES;
				CLANG_WARN_DEPRECATED_OBJC_IMPLEMENTATIONS = YES;
				CLANG_WARN_DIRECT_OBJC_ISA_USAGE = YES_ERROR;
				CLANG_WARN_DOCUMENTATION_COMMENTS = YES;
				CLANG_WARN_EMPTY_BODY = YES;
				CLANG_WARN_ENUM_CONVERSION = YES;
				CLANG_WARN_INFINITE_RECURSION = YES;
				CLANG_WARN_INT_CONVERSION = YES;
				CLANG_WARN_NON_LITERAL_NULL_CONVERSION = YES;
				CLANG_WARN_OBJC_IMPLICIT_RETAIN_SELF = YES;
				CLANG_WARN_OBJC_LITERAL_CONVERSION = YES;
				CLANG_WARN_OBJC_ROOT_CLASS = YES_ERROR;
				CLANG_WARN_QUOTED_INCLUDE_IN_FRAMEWORK_HEADER = YES;
				CLANG_WARN_RANGE_LOOP_ANALYSIS = YES;
				CLANG_WARN_STRICT_PROTOTYPES = YES;
				CLANG_WARN_SUSPICIOUS_MOVE = YES;
				CLANG_WARN_UNGUARDED_AVAILABILITY = YES_AGGRESSIVE;
				CLANG_WARN_UNREACHABLE_CODE = YES;
				CLANG_WARN__DUPLICATE_METHOD_MATCH = YES;
				COPY_PHASE_STRIP = NO;
				DEBUG_INFORMATION_FORMAT = "dwarf-with-dsym";
				ENABLE_NS_ASSERTIONS = NO;
				ENABLE_STRICT_OBJC_MSGSEND = YES;
				GCC_C_LANGUAGE_STANDARD = gnu11;
				GCC_NO_COMMON_BLOCKS = YES;
				GCC_WARN_64_TO_32_BIT_CONVERSION = YES;
				GCC_WARN_ABOUT_RETURN_TYPE = YES_ERROR;
				GCC_WARN_UNDECLARED_SELECTOR = YES;
				GCC_WARN_UNINITIALIZED_AUTOS = YES_AGGRESSIVE;
				GCC_WARN_UNUSED_FUNCTION = YES;
				GCC_WARN_UNUSED_VARIABLE = YES;
				IPHONEOS_DEPLOYMENT_TARGET = 13.4;
				MTL_ENABLE_DEBUG_INFO = NO;
				MTL_FAST_MATH = YES;
				SDKROOT = iphoneos;
				SWIFT_COMPILATION_MODE = wholemodule;
				SWIFT_OPTIMIZATION_LEVEL = "-O";
				VALIDATE_PRODUCT = YES;
			};
			name = Release;
		};
		C217768926E70313004AD3C8 /* Debug */ = {
			isa = XCBuildConfiguration;
			buildSettings = {
				ASSETCATALOG_COMPILER_APPICON_NAME = AppIcon;
				ASSETCATALOG_COMPILER_GLOBAL_ACCENT_COLOR_NAME = AccentColor;
				CLANG_ENABLE_MODULES = YES;
				CODE_SIGN_STYLE = Automatic;
				DEVELOPMENT_TEAM = 8Q3MAQ3CMN;
				INFOPLIST_FILE = Lab1/Info.plist;
				LD_RUNPATH_SEARCH_PATHS = (
					"$(inherited)",
					"@executable_path/Frameworks",
				);
				PRODUCT_BUNDLE_IDENTIFIER = "Yongjia-Xu.Lab1";
				PRODUCT_NAME = "$(TARGET_NAME)";
				SWIFT_OBJC_BRIDGING_HEADER = "Lab1/Lab1-Bridging-Header.h";
				SWIFT_OPTIMIZATION_LEVEL = "-Onone";
				SWIFT_VERSION = 5.0;
				TARGETED_DEVICE_FAMILY = "1,2";
			};
			name = Debug;
		};
		C217768A26E70313004AD3C8 /* Release */ = {
			isa = XCBuildConfiguration;
			buildSettings = {
				ASSETCATALOG_COMPILER_APPICON_NAME = AppIcon;
				ASSETCATALOG_COMPILER_GLOBAL_ACCENT_COLOR_NAME = AccentColor;
				CLANG_ENABLE_MODULES = YES;
				CODE_SIGN_STYLE = Automatic;
				DEVELOPMENT_TEAM = 8Q3MAQ3CMN;
				INFOPLIST_FILE = Lab1/Info.plist;
				LD_RUNPATH_SEARCH_PATHS = (
					"$(inherited)",
					"@executable_path/Frameworks",
				);
				PRODUCT_BUNDLE_IDENTIFIER = "Yongjia-Xu.Lab1";
				PRODUCT_NAME = "$(TARGET_NAME)";
				SWIFT_OBJC_BRIDGING_HEADER = "Lab1/Lab1-Bridging-Header.h";
				SWIFT_VERSION = 5.0;
				TARGETED_DEVICE_FAMILY = "1,2";
			};
			name = Release;
		};
		C217768C26E70313004AD3C8 /* Debug */ = {
			isa = XCBuildConfiguration;
			buildSettings = {
				ALWAYS_EMBED_SWIFT_STANDARD_LIBRARIES = YES;
				BUNDLE_LOADER = "$(TEST_HOST)";
				CODE_SIGN_STYLE = Automatic;
				DEVELOPMENT_TEAM = 8Q3MAQ3CMN;
				INFOPLIST_FILE = Lab1Tests/Info.plist;
				IPHONEOS_DEPLOYMENT_TARGET = 14.2;
				LD_RUNPATH_SEARCH_PATHS = (
					"$(inherited)",
					"@executable_path/Frameworks",
					"@loader_path/Frameworks",
				);
				PRODUCT_BUNDLE_IDENTIFIER = "Yongjia-Xu.Lab1Tests";
				PRODUCT_NAME = "$(TARGET_NAME)";
				SWIFT_VERSION = 5.0;
				TARGETED_DEVICE_FAMILY = "1,2";
				TEST_HOST = "$(BUILT_PRODUCTS_DIR)/Lab1.app/Lab1";
			};
			name = Debug;
		};
		C217768D26E70313004AD3C8 /* Release */ = {
			isa = XCBuildConfiguration;
			buildSettings = {
				ALWAYS_EMBED_SWIFT_STANDARD_LIBRARIES = YES;
				BUNDLE_LOADER = "$(TEST_HOST)";
				CODE_SIGN_STYLE = Automatic;
				DEVELOPMENT_TEAM = 8Q3MAQ3CMN;
				INFOPLIST_FILE = Lab1Tests/Info.plist;
				IPHONEOS_DEPLOYMENT_TARGET = 14.2;
				LD_RUNPATH_SEARCH_PATHS = (
					"$(inherited)",
					"@executable_path/Frameworks",
					"@loader_path/Frameworks",
				);
				PRODUCT_BUNDLE_IDENTIFIER = "Yongjia-Xu.Lab1Tests";
				PRODUCT_NAME = "$(TARGET_NAME)";
				SWIFT_VERSION = 5.0;
				TARGETED_DEVICE_FAMILY = "1,2";
				TEST_HOST = "$(BUILT_PRODUCTS_DIR)/Lab1.app/Lab1";
			};
			name = Release;
		};
		C217768F26E70313004AD3C8 /* Debug */ = {
			isa = XCBuildConfiguration;
			buildSettings = {
				ALWAYS_EMBED_SWIFT_STANDARD_LIBRARIES = YES;
				CODE_SIGN_STYLE = Automatic;
				DEVELOPMENT_TEAM = 8Q3MAQ3CMN;
				INFOPLIST_FILE = Lab1UITests/Info.plist;
				LD_RUNPATH_SEARCH_PATHS = (
					"$(inherited)",
					"@executable_path/Frameworks",
					"@loader_path/Frameworks",
				);
				PRODUCT_BUNDLE_IDENTIFIER = "Yongjia-Xu.Lab1UITests";
				PRODUCT_NAME = "$(TARGET_NAME)";
				SWIFT_VERSION = 5.0;
				TARGETED_DEVICE_FAMILY = "1,2";
				TEST_TARGET_NAME = Lab1;
			};
			name = Debug;
		};
		C217769026E70313004AD3C8 /* Release */ = {
			isa = XCBuildConfiguration;
			buildSettings = {
				ALWAYS_EMBED_SWIFT_STANDARD_LIBRARIES = YES;
				CODE_SIGN_STYLE = Automatic;
				DEVELOPMENT_TEAM = 8Q3MAQ3CMN;
				INFOPLIST_FILE = Lab1UITests/Info.plist;
				LD_RUNPATH_SEARCH_PATHS = (
					"$(inherited)",
					"@executable_path/Frameworks",
					"@loader_path/Frameworks",
				);
				PRODUCT_BUNDLE_IDENTIFIER = "Yongjia-Xu.Lab1UITests";
				PRODUCT_NAME = "$(TARGET_NAME)";
				SWIFT_VERSION = 5.0;
				TARGETED_DEVICE_FAMILY = "1,2";
				TEST_TARGET_NAME = Lab1;
			};
			name = Release;
		};
/* End XCBuildConfiguration section */

/* Begin XCConfigurationList section */
		C217765926E70309004AD3C8 /* Build configuration list for PBXProject "Lab1" */ = {
			isa = XCConfigurationList;
			buildConfigurations = (
				C217768626E70313004AD3C8 /* Debug */,
				C217768726E70313004AD3C8 /* Release */,
			);
			defaultConfigurationIsVisible = 0;
			defaultConfigurationName = Release;
		};
		C217768826E70313004AD3C8 /* Build configuration list for PBXNativeTarget "Lab1" */ = {
			isa = XCConfigurationList;
			buildConfigurations = (
				C217768926E70313004AD3C8 /* Debug */,
				C217768A26E70313004AD3C8 /* Release */,
			);
			defaultConfigurationIsVisible = 0;
			defaultConfigurationName = Release;
		};
		C217768B26E70313004AD3C8 /* Build configuration list for PBXNativeTarget "Lab1Tests" */ = {
			isa = XCConfigurationList;
			buildConfigurations = (
				C217768C26E70313004AD3C8 /* Debug */,
				C217768D26E70313004AD3C8 /* Release */,
			);
			defaultConfigurationIsVisible = 0;
			defaultConfigurationName = Release;
		};
		C217768E26E70313004AD3C8 /* Build configuration list for PBXNativeTarget "Lab1UITests" */ = {
			isa = XCConfigurationList;
			buildConfigurations = (
				C217768F26E70313004AD3C8 /* Debug */,
				C217769026E70313004AD3C8 /* Release */,
			);
			defaultConfigurationIsVisible = 0;
			defaultConfigurationName = Release;
		};
/* End XCConfigurationList section */
	};
	rootObject = C217765626E70309004AD3C8 /* Project object */;
}
